{
  "lib/broadcaster": {
    "rev": "6be64bee7534e41752ba037a3b0e2f46fe6478be"
  },
  "lib/forge-std": {
    "rev": "77041d2ce690e692d6e03cc812b57d1ddaa4d505"
  },
  "lib/openzeppelin-contracts": {
    "rev": "f95b9ce3f1e75d9410f293f0ffb5c55711da8a18"
  },
  "lib/permit2": {
    "rev": "cc56ad0f3439c502c246fc5cfcc3db92bb8b7219"
  },
  "lib/solady": {
    "rev": "8583a6e386b897f3db142a541f86d5953eccd835"
  },
  "lib/the-compact": {
    "rev": "b9c3b544151106a23b8f9d800751166a6089cf00"
  },
  "lib/tron-contracts": {
    "rev": "ae352da879a36ce23afd7d1683af1ca489b74c05"
  }
}
