{
  "lib/broadcaster": {
    "rev": "6be64bee7534e41752ba037a3b0e2f46fe6478be"
  },
  "lib/forge-std": {
    "rev": "100b0d756adda67bc70aab816fa5a1a95dcf78b6"
  },
  "lib/openzeppelin-contracts": {
    "rev": "f95b9ce3f1e75d9410f293f0ffb5c55711da8a18"
  },
  "lib/permit2": {
    "rev": "cc56ad0f3439c502c246fc5cfcc3db92bb8b7219"
  },
  "lib/solady": {
    "rev": "8583a6e386b897f3db142a541f86d5953eccd835"
  },
  "lib/the-compact": {
    "rev": "ac25e50dbfd51358f206919e649ff79b042a5dab"
  },
  "lib/tron-contracts": {
    "rev": "ae352da879a36ce23afd7d1683af1ca489b74c05"
  }
}
